schema: '2.0'
stages:
  train:
    cmd: python py_code.py
    deps:
    - path: Iris.csv
      md5: ca06729ff39d96642d59b768e50be773
      size: 4707
    - path: py_code.py
      md5: 505c08dc4b5c420287b40514ee9a38ba
      size: 1764
    outs:
    - path: Decision_Tree_model
      md5: b0153b71ae7e79f5566e4814bcc530e5
      size: 1585
    - path: Random_Forest_model
      md5: 2ae79ebc80f26c1ce328fb653ca65851
      size: 94297
